
Microsoft Visual Studio Solution File, Format Version 12.00
# Visual Studio Version 16
VisualStudioVersion = 16.0.35229.62
MinimumVisualStudioVersion = 10.0.40219.1
Project("{FAE04EC0-301F-11D3-BF4B-00C04F79EFBC}") = "FBS2", "FBS2.csproj", "{98B6C886-3112-490E-AC1E-E6527F3833C8}"
EndProject
Global
	GlobalSection(SolutionConfigurationPlatforms) = preSolution
		Debug|Any CPU = Debug|Any CPU
		Release|Any CPU = Release|Any CPU
	EndGlobalSection
	GlobalSection(ProjectConfigurationPlatforms) = postSolution
		{98B6C886-3112-490E-AC1E-E6527F3833C8}.Debug|Any CPU.ActiveCfg = Debug|Any CPU
		{98B6C886-3112-490E-AC1E-E6527F3833C8}.Debug|Any CPU.Build.0 = Debug|Any CPU
		{98B6C886-3112-490E-AC1E-E6527F3833C8}.Release|Any CPU.ActiveCfg = Release|Any CPU
		{98B6C886-3112-490E-AC1E-E6527F3833C8}.Release|Any CPU.Build.0 = Release|Any CPU
	EndGlobalSection
	GlobalSection(SolutionProperties) = preSolution
		HideSolutionNode = FALSE
	EndGlobalSection
	GlobalSection(ExtensibilityGlobals) = postSolution
		SolutionGuid = {12DE1BAC-5D47-4CCB-BF7F-7DF6381213B8}
	EndGlobalSection
EndGlobal
